{
  "version": "5",
  "specifiers": {
    "jsr:@std/assert@1.0.19": "1.0.19",
    "jsr:@std/bytes@1.0.6": "1.0.6",
    "jsr:@std/cli@1.0.32": "1.0.32",
    "jsr:@std/crypto@1.1.0": "1.1.0",
    "jsr:@std/fmt@1.0.10": "1.0.10",
    "jsr:@std/fmt@^1.0.10": "1.0.10",
    "jsr:@std/fs@1.0.24": "1.0.24",
    "jsr:@std/internal@^1.0.12": "1.0.14",
    "jsr:@std/internal@^1.0.14": "1.0.14",
    "jsr:@std/path@1.1.6": "1.1.6",
    "jsr:@std/path@^1.1.5": "1.1.6",
    "jsr:@std/yaml@1": "1.2.0",
    "jsr:@std/yaml@1.2.0": "1.2.0",
    "jsr:@stsoftware/neat-ai@7.0.25": "7.0.25",
    "jsr:@stsoftware/tags@1.0.14": "1.0.14"
  },
  "jsr": {
    "@std/assert@1.0.19": {
      "integrity": "eaada96ee120cb980bc47e040f82814d786fe8162ecc53c91d8df60b8755991e",
      "dependencies": [
        "jsr:@std/internal@^1.0.12"
      ]
    },
    "@std/bytes@1.0.6": {
      "integrity": "f6ac6adbd8ccd99314045f5703e23af0a68d7f7e58364b47d2c7f408aeb5820a"
    },
    "@std/cli@1.0.32": {
      "integrity": "188b3a100d6202d64e3f5bd3d799c7fa4f6d77f92cc65eb7f641c1fa0aa92a66",
      "dependencies": [
        "jsr:@std/fmt@^1.0.10",
        "jsr:@std/internal@^1.0.14"
      ]
    },
    "@std/crypto@1.1.0": {
      "integrity": "b8d6d0a6377a32b213af2661ed7bf1062d94feac0c57def5526a8e74a95c3ec8"
    },
    "@std/fmt@1.0.10": {
      "integrity": "90dfba288802ac6de82fb31d0917eb9e4450b9925b954d5e51fc29ac07419db5"
    },
    "@std/fs@1.0.24": {
      "integrity": "f3061b45b81673a2bece689da041df32d174be064c89eb6397fb5718d3fb7877",
      "dependencies": [
        "jsr:@std/internal@^1.0.14",
        "jsr:@std/path@^1.1.5"
      ]
    },
    "@std/internal@1.0.14": {
      "integrity": "291516b3d4c35024d6ffbc0a9df5bf4c64116e05b50012cf846710152d2ffdf7"
    },
    "@std/path@1.1.6": {
      "integrity": "c68485c2a4dfbb5ae3cc74fae4e8c4e5d874cf8a8ed12927917235c758b46cbe",
      "dependencies": [
        "jsr:@std/internal@^1.0.14"
      ]
    },
    "@std/yaml@1.2.0": {
      "integrity": "20beb41e4983ba3437dbefac62b14061ab058e8a187596f19d28ff9035f6e6cf"
    },
    "@stsoftware/neat-ai@7.0.25": {
      "integrity": "3587fcb5f374c90f97255b93f9a31b10a46b8648a778bc4514531084f48542a7",
      "dependencies": [
        "jsr:@std/assert",
        "jsr:@std/bytes",
        "jsr:@std/crypto",
        "jsr:@std/fmt@1.0.10",
        "jsr:@std/fs",
        "jsr:@std/path@1.1.6",
        "jsr:@stsoftware/tags"
      ]
    },
    "@stsoftware/tags@1.0.14": {
      "integrity": "73decd9ad404498bc5a9e6f478b01487cfb20efe7b09be1507f34bd8583de0c5",
      "dependencies": [
        "jsr:@std/cli"
      ]
    }
  },
  "workspace": {
    "dependencies": [
      "jsr:@std/assert@1.0.19",
      "jsr:@std/cli@1.0.32",
      "jsr:@std/fmt@1.0.10",
      "jsr:@std/fs@1.0.24",
      "jsr:@std/path@1.1.6",
      "jsr:@std/yaml@1.2.0",
      "jsr:@stsoftware/neat-ai@7.0.25",
      "jsr:@stsoftware/tags@1.0.14"
    ]
  }
}
