{
  "version": "5",
  "specifiers": {
    "jsr:@std/assert@1.0.19": "1.0.19",
    "jsr:@std/bytes@1.0.6": "1.0.6",
    "jsr:@std/cli@1.0.29": "1.0.29",
    "jsr:@std/crypto@1.1.0": "1.1.0",
    "jsr:@std/fmt@1.0.10": "1.0.10",
    "jsr:@std/fs@1.0.23": "1.0.23",
    "jsr:@std/internal@^1.0.12": "1.0.13",
    "jsr:@std/internal@^1.0.13": "1.0.13",
    "jsr:@std/path@1.1.4": "1.1.4",
    "jsr:@std/path@^1.1.4": "1.1.4",
    "jsr:@stsoftware/neat-ai@5.0.34": "5.0.34",
    "jsr:@stsoftware/tags@1.0.13": "1.0.13"
  },
  "jsr": {
    "@std/assert@1.0.19": {
      "integrity": "eaada96ee120cb980bc47e040f82814d786fe8162ecc53c91d8df60b8755991e",
      "dependencies": [
        "jsr:@std/internal@^1.0.12"
      ]
    },
    "@std/bytes@1.0.6": {
      "integrity": "f6ac6adbd8ccd99314045f5703e23af0a68d7f7e58364b47d2c7f408aeb5820a"
    },
    "@std/cli@1.0.29": {
      "integrity": "fa4ef29130baa834d8a13b7d138240c3a2fcfba740bfb7afa646a360a15ec84f",
      "dependencies": [
        "jsr:@std/internal@^1.0.13"
      ]
    },
    "@std/crypto@1.1.0": {
      "integrity": "b8d6d0a6377a32b213af2661ed7bf1062d94feac0c57def5526a8e74a95c3ec8"
    },
    "@std/fmt@1.0.10": {
      "integrity": "90dfba288802ac6de82fb31d0917eb9e4450b9925b954d5e51fc29ac07419db5"
    },
    "@std/fs@1.0.23": {
      "integrity": "3ecbae4ce4fee03b180fa710caff36bb5adb66631c46a6460aaad49515565a37",
      "dependencies": [
        "jsr:@std/internal@^1.0.12",
        "jsr:@std/path@^1.1.4"
      ]
    },
    "@std/internal@1.0.13": {
      "integrity": "2f9546691d4ac2d32859c82dff284aaeac980ddeca38430d07941e7e288725c0"
    },
    "@std/path@1.1.4": {
      "integrity": "1d2d43f39efb1b42f0b1882a25486647cb851481862dc7313390b2bb044314b5",
      "dependencies": [
        "jsr:@std/internal@^1.0.12"
      ]
    },
    "@stsoftware/neat-ai@5.0.34": {
      "integrity": "2a35059b51a9bc0b27fbb4e7a1a33ca6711e543d09d8837c1f132eb55a7939de",
      "dependencies": [
        "jsr:@std/assert",
        "jsr:@std/bytes",
        "jsr:@std/crypto",
        "jsr:@std/fmt",
        "jsr:@std/fs",
        "jsr:@std/path@1.1.4",
        "jsr:@stsoftware/tags"
      ]
    },
    "@stsoftware/tags@1.0.13": {
      "integrity": "c5ee40f804d08ed7308c373bab07c0bd96cf1a470db6d977e056a6c206a2a5a2"
    }
  },
  "workspace": {
    "dependencies": [
      "jsr:@std/assert@1.0.19",
      "jsr:@std/bytes@1.0.6",
      "jsr:@std/cli@1.0.29",
      "jsr:@std/crypto@1.1.0",
      "jsr:@std/csv@1.0.6",
      "jsr:@std/fmt@1.0.10",
      "jsr:@std/fs@1.0.23",
      "jsr:@std/path@1.1.4",
      "jsr:@std/streams@1.1.0",
      "jsr:@std/testing@1.0.18",
      "jsr:@std/uuid@1.1.1",
      "jsr:@std/yaml@1.1.0",
      "jsr:@stsoftware/neat-ai@5.0.34",
      "jsr:@stsoftware/tags@1.0.13"
    ]
  }
}
