{
  "version": "5",
  "specifiers": {
    "jsr:@std/assert@1.0.19": "1.0.19",
    "jsr:@std/bytes@1.0.6": "1.0.6",
    "jsr:@std/cli@1.0.17": "1.0.17",
    "jsr:@std/cli@1.0.30": "1.0.30",
    "jsr:@std/crypto@1.1.0": "1.1.0",
    "jsr:@std/fmt@1.0.10": "1.0.10",
    "jsr:@std/fmt@^1.0.10": "1.0.10",
    "jsr:@std/fs@1.0.24": "1.0.24",
    "jsr:@std/internal@^1.0.12": "1.0.14",
    "jsr:@std/internal@^1.0.14": "1.0.14",
    "jsr:@std/path@1.1.5": "1.1.5",
    "jsr:@std/path@^1.1.5": "1.1.5",
    "jsr:@std/yaml@1.1.1": "1.1.1",
    "jsr:@stsoftware/neat-ai@5.7.6": "5.7.6",
    "jsr:@stsoftware/tags@1.0.13": "1.0.13"
  },
  "jsr": {
    "@std/assert@1.0.19": {
      "integrity": "eaada96ee120cb980bc47e040f82814d786fe8162ecc53c91d8df60b8755991e",
      "dependencies": [
        "jsr:@std/internal@^1.0.12"
      ]
    },
    "@std/bytes@1.0.6": {
      "integrity": "f6ac6adbd8ccd99314045f5703e23af0a68d7f7e58364b47d2c7f408aeb5820a"
    },
    "@std/cli@1.0.17": {
      "integrity": "e15b9abe629e17be90cc6216327f03a29eae613365f1353837fa749aad29ce7b"
    },
    "@std/cli@1.0.30": {
      "integrity": "769446536522d0417d7127ebcabcafac1ab0ce6766d0eb3fca1d36326fe98d13",
      "dependencies": [
        "jsr:@std/fmt@^1.0.10",
        "jsr:@std/internal@^1.0.14"
      ]
    },
    "@std/crypto@1.1.0": {
      "integrity": "b8d6d0a6377a32b213af2661ed7bf1062d94feac0c57def5526a8e74a95c3ec8"
    },
    "@std/fmt@1.0.10": {
      "integrity": "90dfba288802ac6de82fb31d0917eb9e4450b9925b954d5e51fc29ac07419db5"
    },
    "@std/fs@1.0.24": {
      "integrity": "f3061b45b81673a2bece689da041df32d174be064c89eb6397fb5718d3fb7877",
      "dependencies": [
        "jsr:@std/internal@^1.0.14",
        "jsr:@std/path@^1.1.5"
      ]
    },
    "@std/internal@1.0.14": {
      "integrity": "291516b3d4c35024d6ffbc0a9df5bf4c64116e05b50012cf846710152d2ffdf7"
    },
    "@std/path@1.1.5": {
      "integrity": "ccea00982ea28c36becaf6e62f855406c76a8c32d462f66f415bbb7d83a271bc",
      "dependencies": [
        "jsr:@std/internal@^1.0.14"
      ]
    },
    "@std/yaml@1.1.1": {
      "integrity": "a57665ecf3d17b926380593a56625d8a10cc7281802f1e993b5ebc94a48e71f8"
    },
    "@stsoftware/neat-ai@5.7.6": {
      "integrity": "69f290e04ea185b1e677ee98f775b40ab4324e94e16d1a439d1ddba29efd4f26",
      "dependencies": [
        "jsr:@std/assert",
        "jsr:@std/bytes",
        "jsr:@std/crypto",
        "jsr:@std/fmt@1.0.10",
        "jsr:@std/fs",
        "jsr:@std/path@1.1.5",
        "jsr:@stsoftware/tags"
      ]
    },
    "@stsoftware/tags@1.0.13": {
      "integrity": "c5ee40f804d08ed7308c373bab07c0bd96cf1a470db6d977e056a6c206a2a5a2",
      "dependencies": [
        "jsr:@std/cli@1.0.17"
      ]
    }
  },
  "workspace": {
    "dependencies": [
      "jsr:@std/assert@1.0.19",
      "jsr:@std/cli@1.0.30",
      "jsr:@std/fmt@1.0.10",
      "jsr:@std/fs@1.0.24",
      "jsr:@std/path@1.1.5",
      "jsr:@std/yaml@1.1.1",
      "jsr:@stsoftware/neat-ai@5.7.6",
      "jsr:@stsoftware/tags@1.0.13"
    ]
  }
}
